// !$*UTF8*$!
{
	archiveVersion = 1;
	classes = {
	};
	objectVersion = 56;
	objects = {

/* Begin PBXBuildFile section */
		D4B1DBCC2C6BEA750000C9C1 /* AppDelegate.swift in Sources */ = {isa = PBXBuildFile; fileRef = D4B1DBCB2C6BEA750000C9C1 /* AppDelegate.swift */; };
		D4B1DBCE2C6BEA750000C9C1 /* SceneDelegate.swift in Sources */ = {isa = PBXBuildFile; fileRef = D4B1DBCD2C6BEA750000C9C1 /* SceneDelegate.swift */; };
		D4B1DBD02C6BEA750000C9C1 /* CounterViewController.swift in Sources */ = {isa = PBXBuildFile; fileRef = D4B1DBCF2C6BEA750000C9C1 /* CounterViewController.swift */; };
		D4B1DBD32C6BEA750000C9C1 /* Main.storyboard in Resources */ = {isa = PBXBuildFile; fileRef = D4B1DBD12C6BEA750000C9C1 /* Main.storyboard */; };
		D4B1DBD52C6BEA7A0000C9C1 /* Assets.xcassets in Resources */ = {isa = PBXBuildFile; fileRef = D4B1DBD42C6BEA7A0000C9C1 /* Assets.xcassets */; };
		D4B1DBD82C6BEA7A0000C9C1 /* LaunchScreen.storyboard in Resources */ = {isa = PBXBuildFile; fileRef = D4B1DBD62C6BEA7A0000C9C1 /* LaunchScreen.storyboard */; };
		D4F702562C6C080100E8C059 /* CounterPresenter.swift in Sources */ = {isa = PBXBuildFile; fileRef = D4F702552C6C080100E8C059 /* CounterPresenter.swift */; };
		D4F702582C6C084A00E8C059 /* ViewIO.swift in Sources */ = {isa = PBXBuildFile; fileRef = D4F702572C6C084A00E8C059 /* ViewIO.swift */; };
		D4F7025A2C6C086000E8C059 /* Service.swift in Sources */ = {isa = PBXBuildFile; fileRef = D4F702592C6C086000E8C059 /* Service.swift */; };
		D4F7025C2C6C087100E8C059 /* ServiceProtocol.swift in Sources */ = {isa = PBXBuildFile; fileRef = D4F7025B2C6C087100E8C059 /* ServiceProtocol.swift */; };
/* End PBXBuildFile section */

/* Begin PBXFileReference section */
		D4B1DBC82C6BEA750000C9C1 /* Counter.app */ = {isa = PBXFileReference; explicitFileType = wrapper.application; includeInIndex = 0; path = Counter.app; sourceTree = BUILT_PRODUCTS_DIR; };
		D4B1DBCB2C6BEA750000C9C1 /* AppDelegate.swift */ = {isa = PBXFileReference; lastKnownFileType = sourcecode.swift; path = AppDelegate.swift; sourceTree = "<group>"; };
		D4B1DBCD2C6BEA750000C9C1 /* SceneDelegate.swift */ = {isa = PBXFileReference; lastKnownFileType = sourcecode.swift; path = SceneDelegate.swift; sourceTree = "<group>"; };
		D4B1DBCF2C6BEA750000C9C1 /* CounterViewController.swift */ = {isa = PBXFileReference; lastKnownFileType = sourcecode.swift; path = CounterViewController.swift; sourceTree = "<group>"; };
		D4B1DBD22C6BEA750000C9C1 /* Base */ = {isa = PBXFileReference; lastKnownFileType = file.storyboard; name = Base; path = Base.lproj/Main.storyboard; sourceTree = "<group>"; };
		D4B1DBD42C6BEA7A0000C9C1 /* Assets.xcassets */ = {isa = PBXFileReference; lastKnownFileType = folder.assetcatalog; path = Assets.xcassets; sourceTree = "<group>"; };
		D4B1DBD72C6BEA7A0000C9C1 /* Base */ = {isa = PBXFileReference; lastKnownFileType = file.storyboard; name = Base; path = Base.lproj/LaunchScreen.storyboard; sourceTree = "<group>"; };
		D4B1DBD92C6BEA7A0000C9C1 /* Info.plist */ = {isa = PBXFileReference; lastKnownFileType = text.plist.xml; path = Info.plist; sourceTree = "<group>"; };
		D4F702552C6C080100E8C059 /* CounterPresenter.swift */ = {isa = PBXFileReference; lastKnownFileType = sourcecode.swift; path = CounterPresenter.swift; sourceTree = "<group>"; };
		D4F702572C6C084A00E8C059 /* ViewIO.swift */ = {isa = PBXFileReference; lastKnownFileType = sourcecode.swift; path = ViewIO.swift; sourceTree = "<group>"; };
		D4F702592C6C086000E8C059 /* Service.swift */ = {isa = PBXFileReference; lastKnownFileType = sourcecode.swift; path = Service.swift; sourceTree = "<group>"; };
		D4F7025B2C6C087100E8C059 /* ServiceProtocol.swift */ = {isa = PBXFileReference; lastKnownFileType = sourcecode.swift; path = ServiceProtocol.swift; sourceTree = "<group>"; };
/* End PBXFileReference section */

/* Begin PBXFrameworksBuildPhase section */
		D4B1DBC52C6BEA750000C9C1 /* Frameworks */ = {
			isa = PBXFrameworksBuildPhase;
			buildActionMask = 2147483647;
			files = (
			);
			runOnlyForDeploymentPostprocessing = 0;
		};
/* End PBXFrameworksBuildPhase section */

/* Begin PBXGroup section */
		D4B1DBBF2C6BEA750000C9C1 = {
			isa = PBXGroup;
			children = (
				D4B1DBCA2C6BEA750000C9C1 /* Counter */,
				D4B1DBC92C6BEA750000C9C1 /* Products */,
			);
			sourceTree = "<group>";
		};
		D4B1DBC92C6BEA750000C9C1 /* Products */ = {
			isa = PBXGroup;
			children = (
				D4B1DBC82C6BEA750000C9C1 /* Counter.app */,
			);
			name = Products;
			sourceTree = "<group>";
		};
		D4B1DBCA2C6BEA750000C9C1 /* Counter */ = {
			isa = PBXGroup;
			children = (
				D4F702532C6C07A800E8C059 /* BuisnesLogic */,
				D4F702542C6C07C200E8C059 /* ViewModel */,
				D4B1DBCB2C6BEA750000C9C1 /* AppDelegate.swift */,
				D4B1DBCD2C6BEA750000C9C1 /* SceneDelegate.swift */,
				D4B1DBD12C6BEA750000C9C1 /* Main.storyboard */,
				D4B1DBD42C6BEA7A0000C9C1 /* Assets.xcassets */,
				D4B1DBD62C6BEA7A0000C9C1 /* LaunchScreen.storyboard */,
				D4B1DBD92C6BEA7A0000C9C1 /* Info.plist */,
			);
			path = Counter;
			sourceTree = "<group>";
		};
		D4F702532C6C07A800E8C059 /* BuisnesLogic */ = {
			isa = PBXGroup;
			children = (
				D4F702592C6C086000E8C059 /* Service.swift */,
				D4F7025B2C6C087100E8C059 /* ServiceProtocol.swift */,
			);
			path = BuisnesLogic;
			sourceTree = "<group>";
		};
		D4F702542C6C07C200E8C059 /* ViewModel */ = {
			isa = PBXGroup;
			children = (
				D4B1DBCF2C6BEA750000C9C1 /* CounterViewController.swift */,
				D4F702552C6C080100E8C059 /* CounterPresenter.swift */,
				D4F702572C6C084A00E8C059 /* ViewIO.swift */,
			);
			path = ViewModel;
			sourceTree = "<group>";
		};
/* End PBXGroup section */

/* Begin PBXNativeTarget section */
		D4B1DBC72C6BEA750000C9C1 /* Counter */ = {
			isa = PBXNativeTarget;
			buildConfigurationList = D4B1DBDC2C6BEA7A0000C9C1 /* Build configuration list for PBXNativeTarget "Counter" */;
			buildPhases = (
				D4B1DBC42C6BEA750000C9C1 /* Sources */,
				D4B1DBC52C6BEA750000C9C1 /* Frameworks */,
				D4B1DBC62C6BEA750000C9C1 /* Resources */,
			);
			buildRules = (
			);
			dependencies = (
			);
			name = Counter;
			productName = Counter;
			productReference = D4B1DBC82C6BEA750000C9C1 /* Counter.app */;
			productType = "com.apple.product-type.application";
		};
/* End PBXNativeTarget section */

/* Begin PBXProject section */
		D4B1DBC02C6BEA750000C9C1 /* Project object */ = {
			isa = PBXProject;
			attributes = {
				BuildIndependentTargetsInParallel = 1;
				LastSwiftUpdateCheck = 1520;
				LastUpgradeCheck = 1520;
				TargetAttributes = {
					D4B1DBC72C6BEA750000C9C1 = {
						CreatedOnToolsVersion = 15.2;
					};
				};
			};
			buildConfigurationList = D4B1DBC32C6BEA750000C9C1 /* Build configuration list for PBXProject "Counter" */;
			compatibilityVersion = "Xcode 14.0";
			developmentRegion = en;
			hasScannedForEncodings = 0;
			knownRegions = (
				en,
				Base,
			);
			mainGroup = D4B1DBBF2C6BEA750000C9C1;
			productRefGroup = D4B1DBC92C6BEA750000C9C1 /* Products */;
			projectDirPath = "";
			projectRoot = "";
			targets = (
				D4B1DBC72C6BEA750000C9C1 /* Counter */,
			);
		};
/* End PBXProject section */

/* Begin PBXResourcesBuildPhase section */
		D4B1DBC62C6BEA750000C9C1 /* Resources */ = {
			isa = PBXResourcesBuildPhase;
			buildActionMask = 2147483647;
			files = (
				D4B1DBD82C6BEA7A0000C9C1 /* LaunchScreen.storyboard in Resources */,
				D4B1DBD52C6BEA7A0000C9C1 /* Assets.xcassets in Resources */,
				D4B1DBD32C6BEA750000C9C1 /* Main.storyboard in Resources */,
			);
			runOnlyForDeploymentPostprocessing = 0;
		};
/* End PBXResourcesBuildPhase section */

/* Begin PBXSourcesBuildPhase section */
		D4B1DBC42C6BEA750000C9C1 /* Sources */ = {
			isa = PBXSourcesBuildPhase;
			buildActionMask = 2147483647;
			files = (
				D4B1DBD02C6BEA750000C9C1 /* CounterViewController.swift in Sources */,
				D4F702562C6C080100E8C059 /* CounterPresenter.swift in Sources */,
				D4B1DBCC2C6BEA750000C9C1 /* AppDelegate.swift in Sources */,
				D4B1DBCE2C6BEA750000C9C1 /* SceneDelegate.swift in Sources */,
				D4F702582C6C084A00E8C059 /* ViewIO.swift in Sources */,
				D4F7025C2C6C087100E8C059 /* ServiceProtocol.swift in Sources */,
				D4F7025A2C6C086000E8C059 /* Service.swift in Sources */,
			);
			runOnlyForDeploymentPostprocessing = 0;
		};
/* End PBXSourcesBuildPhase section */

/* Begin PBXVariantGroup section */
		D4B1DBD12C6BEA750000C9C1 /* Main.storyboard */ = {
			isa = PBXVariantGroup;
			children = (
				D4B1DBD22C6BEA750000C9C1 /* Base */,
			);
			name = Main.storyboard;
			sourceTree = "<group>";
		};
		D4B1DBD62C6BEA7A0000C9C1 /* LaunchScreen.storyboard */ = {
			isa = PBXVariantGroup;
			children = (
				D4B1DBD72C6BEA7A0000C9C1 /* Base */,
			);
			name = LaunchScreen.storyboard;
			sourceTree = "<group>";
		};
/* End PBXVariantGroup section */

/* Begin XCBuildConfiguration section */
		D4B1DBDA2C6BEA7A0000C9C1 /* Debug */ = {
			isa = XCBuildConfiguration;
			buildSettings = {
				ALWAYS_SEARCH_USER_PATHS = NO;
				ASSETCATALOG_COMPILER_GENERATE_SWIFT_ASSET_SYMBOL_EXTENSIONS = YES;
				CLANG_ANALYZER_NONNULL = YES;
				CLANG_ANALYZER_NUMBER_OBJECT_CONVERSION = YES_AGGRESSIVE;
				CLANG_CXX_LANGUAGE_STANDARD = "gnu++20";
				CLANG_ENABLE_MODULES = YES;
				CLANG_ENABLE_OBJC_ARC = YES;
				CLANG_ENABLE_OBJC_WEAK = YES;
				CLANG_WARN_BLOCK_CAPTURE_AUTORELEASING = YES;
				CLANG_WARN_BOOL_CONVERSION = YES;
				CLANG_WARN_COMMA = YES;
				CLANG_WARN_CONSTANT_CONVERSION = YES;
				CLANG_WARN_DEPRECATED_OBJC_IMPLEMENTATIONS = YES;
				CLANG_WARN_DIRECT_OBJC_ISA_USAGE = YES_ERROR;
				CLANG_WARN_DOCUMENTATION_COMMENTS = YES;
				CLANG_WARN_EMPTY_BODY = YES;
				CLANG_WARN_ENUM_CONVERSION = YES;
				CLANG_WARN_INFINITE_RECURSION = YES;
				CLANG_WARN_INT_CONVERSION = YES;
				CLANG_WARN_NON_LITERAL_NULL_CONVERSION = YES;
				CLANG_WARN_OBJC_IMPLICIT_RETAIN_SELF = YES;
				CLANG_WARN_OBJC_LITERAL_CONVERSION = YES;
				CLANG_WARN_OBJC_ROOT_CLASS = YES_ERROR;
				CLANG_WARN_QUOTED_INCLUDE_IN_FRAMEWORK_HEADER = YES;
				CLANG_WARN_RANGE_LOOP_ANALYSIS = YES;
				CLANG_WARN_STRICT_PROTOTYPES = YES;
				CLANG_WARN_SUSPICIOUS_MOVE = YES;
				CLANG_WARN_UNGUARDED_AVAILABILITY = YES_AGGRESSIVE;
				CLANG_WARN_UNREACHABLE_CODE = YES;
				CLANG_WARN__DUPLICATE_METHOD_MATCH = YES;
				COPY_PHASE_STRIP = NO;
				DEBUG_INFORMATION_FORMAT = dwarf;
				ENABLE_STRICT_OBJC_MSGSEND = YES;
				ENABLE_TESTABILITY = YES;
				ENABLE_USER_SCRIPT_SANDBOXING = YES;
				GCC_C_LANGUAGE_STANDARD = gnu17;
				GCC_DYNAMIC_NO_PIC = NO;
				GCC_NO_COMMON_BLOCKS = YES;
				GCC_OPTIMIZATION_LEVEL = 0;
				GCC_PREPROCESSOR_DEFINITIONS = (
					"DEBUG=1",
					"$(inherited)",
				);
				GCC_WARN_64_TO_32_BIT_CONVERSION = YES;
				GCC_WARN_ABOUT_RETURN_TYPE = YES_ERROR;
				GCC_WARN_UNDECLARED_SELECTOR = YES;
				GCC_WARN_UNINITIALIZED_AUTOS = YES_AGGRESSIVE;
				GCC_WARN_UNUSED_FUNCTION = YES;
				GCC_WARN_UNUSED_VARIABLE = YES;
				IPHONEOS_DEPLOYMENT_TARGET = 17.2;
				LOCALIZATION_PREFERS_STRING_CATALOGS = YES;
				MTL_ENABLE_DEBUG_INFO = INCLUDE_SOURCE;
				MTL_FAST_MATH = YES;
				ONLY_ACTIVE_ARCH = YES;
				SDKROOT = iphoneos;
				SWIFT_ACTIVE_COMPILATION_CONDITIONS = "DEBUG $(inherited)";
				SWIFT_OPTIMIZATION_LEVEL = "-Onone";
			};
			name = Debug;
		};
		D4B1DBDB2C6BEA7A0000C9C1 /* Release */ = {
			isa = XCBuildConfiguration;
			buildSettings = {
				ALWAYS_SEARCH_USER_PATHS = NO;
				ASSETCATALOG_COMPILER_GENERATE_SWIFT_ASSET_SYMBOL_EXTENSIONS = YES;
				CLANG_ANALYZER_NONNULL = YES;
				CLANG_ANALYZER_NUMBER_OBJECT_CONVERSION = YES_AGGRESSIVE;
				CLANG_CXX_LANGUAGE_STANDARD = "gnu++20";
				CLANG_ENABLE_MODULES = YES;
				CLANG_ENABLE_OBJC_ARC = YES;
				CLANG_ENABLE_OBJC_WEAK = YES;
				CLANG_WARN_BLOCK_CAPTURE_AUTORELEASING = YES;
				CLANG_WARN_BOOL_CONVERSION = YES;
				CLANG_WARN_COMMA = YES;
				CLANG_WARN_CONSTANT_CONVERSION = YES;
				CLANG_WARN_DEPRECATED_OBJC_IMPLEMENTATIONS = YES;
				CLANG_WARN_DIRECT_OBJC_ISA_USAGE = YES_ERROR;
				CLANG_WARN_DOCUMENTATION_COMMENTS = YES;
				CLANG_WARN_EMPTY_BODY = YES;
				CLANG_WARN_ENUM_CONVERSION = YES;
				CLANG_WARN_INFINITE_RECURSION = YES;
				CLANG_WARN_INT_CONVERSION = YES;
				CLANG_WARN_NON_LITERAL_NULL_CONVERSION = YES;
				CLANG_WARN_OBJC_IMPLICIT_RETAIN_SELF = YES;
				CLANG_WARN_OBJC_LITERAL_CONVERSION = YES;
				CLANG_WARN_OBJC_ROOT_CLASS = YES_ERROR;
				CLANG_WARN_QUOTED_INCLUDE_IN_FRAMEWORK_HEADER = YES;
				CLANG_WARN_RANGE_LOOP_ANALYSIS = YES;
				CLANG_WARN_STRICT_PROTOTYPES = YES;
				CLANG_WARN_SUSPICIOUS_MOVE = YES;
				CLANG_WARN_UNGUARDED_AVAILABILITY = YES_AGGRESSIVE;
				CLANG_WARN_UNREACHABLE_CODE = YES;
				CLANG_WARN__DUPLICATE_METHOD_MATCH = YES;
				COPY_PHASE_STRIP = NO;
				DEBUG_INFORMATION_FORMAT = "dwarf-with-dsym";
				ENABLE_NS_ASSERTIONS = NO;
				ENABLE_STRICT_OBJC_MSGSEND = YES;
				ENABLE_USER_SCRIPT_SANDBOXING = YES;
				GCC_C_LANGUAGE_STANDARD = gnu17;
				GCC_NO_COMMON_BLOCKS = YES;
				GCC_WARN_64_TO_32_BIT_CONVERSION = YES;
				GCC_WARN_ABOUT_RETURN_TYPE = YES_ERROR;
				GCC_WARN_UNDECLARED_SELECTOR = YES;
				GCC_WARN_UNINITIALIZED_AUTOS = YES_AGGRESSIVE;
				GCC_WARN_UNUSED_FUNCTION = YES;
				GCC_WARN_UNUSED_VARIABLE = YES;
				IPHONEOS_DEPLOYMENT_TARGET = 17.2;
				LOCALIZATION_PREFERS_STRING_CATALOGS = YES;
				MTL_ENABLE_DEBUG_INFO = NO;
				MTL_FAST_MATH = YES;
				SDKROOT = iphoneos;
				SWIFT_COMPILATION_MODE = wholemodule;
				VALIDATE_PRODUCT = YES;
			};
			name = Release;
		};
		D4B1DBDD2C6BEA7A0000C9C1 /* Debug */ = {
			isa = XCBuildConfiguration;
			buildSettings = {
				ASSETCATALOG_COMPILER_APPICON_NAME = AppIcon;
				ASSETCATALOG_COMPILER_GLOBAL_ACCENT_COLOR_NAME = AccentColor;
				CODE_SIGN_STYLE = Automatic;
				CURRENT_PROJECT_VERSION = 1;
				DEVELOPMENT_TEAM = S69DS64T8K;
				GENERATE_INFOPLIST_FILE = YES;
				INFOPLIST_FILE = Counter/Info.plist;
				INFOPLIST_KEY_UIApplicationSupportsIndirectInputEvents = YES;
				INFOPLIST_KEY_UILaunchStoryboardName = LaunchScreen;
				INFOPLIST_KEY_UIMainStoryboardFile = Main;
				INFOPLIST_KEY_UISupportedInterfaceOrientations_iPad = "UIInterfaceOrientationPortrait UIInterfaceOrientationPortraitUpsideDown UIInterfaceOrientationLandscapeLeft UIInterfaceOrientationLandscapeRight";
				INFOPLIST_KEY_UISupportedInterfaceOrientations_iPhone = "UIInterfaceOrientationPortrait UIInterfaceOrientationLandscapeLeft UIInterfaceOrientationLandscapeRight";
				LD_RUNPATH_SEARCH_PATHS = (
					"$(inherited)",
					"@executable_path/Frameworks",
				);
				MARKETING_VERSION = 1.0;
				PRODUCT_BUNDLE_IDENTIFIER = my.weather.app.Counter;
				PRODUCT_NAME = "$(TARGET_NAME)";
				SWIFT_EMIT_LOC_STRINGS = YES;
				SWIFT_VERSION = 5.0;
				TARGETED_DEVICE_FAMILY = "1,2";
			};
			name = Debug;
		};
		D4B1DBDE2C6BEA7A0000C9C1 /* Release */ = {
			isa = XCBuildConfiguration;
			buildSettings = {
				ASSETCATALOG_COMPILER_APPICON_NAME = AppIcon;
				ASSETCATALOG_COMPILER_GLOBAL_ACCENT_COLOR_NAME = AccentColor;
				CODE_SIGN_STYLE = Automatic;
				CURRENT_PROJECT_VERSION = 1;
				DEVELOPMENT_TEAM = S69DS64T8K;
				GENERATE_INFOPLIST_FILE = YES;
				INFOPLIST_FILE = Counter/Info.plist;
				INFOPLIST_KEY_UIApplicationSupportsIndirectInputEvents = YES;
				INFOPLIST_KEY_UILaunchStoryboardName = LaunchScreen;
				INFOPLIST_KEY_UIMainStoryboardFile = Main;
				INFOPLIST_KEY_UISupportedInterfaceOrientations_iPad = "UIInterfaceOrientationPortrait UIInterfaceOrientationPortraitUpsideDown UIInterfaceOrientationLandscapeLeft UIInterfaceOrientationLandscapeRight";
				INFOPLIST_KEY_UISupportedInterfaceOrientations_iPhone = "UIInterfaceOrientationPortrait UIInterfaceOrientationLandscapeLeft UIInterfaceOrientationLandscapeRight";
				LD_RUNPATH_SEARCH_PATHS = (
					"$(inherited)",
					"@executable_path/Frameworks",
				);
				MARKETING_VERSION = 1.0;
				PRODUCT_BUNDLE_IDENTIFIER = my.weather.app.Counter;
				PRODUCT_NAME = "$(TARGET_NAME)";
				SWIFT_EMIT_LOC_STRINGS = YES;
				SWIFT_VERSION = 5.0;
				TARGETED_DEVICE_FAMILY = "1,2";
			};
			name = Release;
		};
/* End XCBuildConfiguration section */

/* Begin XCConfigurationList section */
		D4B1DBC32C6BEA750000C9C1 /* Build configuration list for PBXProject "Counter" */ = {
			isa = XCConfigurationList;
			buildConfigurations = (
				D4B1DBDA2C6BEA7A0000C9C1 /* Debug */,
				D4B1DBDB2C6BEA7A0000C9C1 /* Release */,
			);
			defaultConfigurationIsVisible = 0;
			defaultConfigurationName = Release;
		};
		D4B1DBDC2C6BEA7A0000C9C1 /* Build configuration list for PBXNativeTarget "Counter" */ = {
			isa = XCConfigurationList;
			buildConfigurations = (
				D4B1DBDD2C6BEA7A0000C9C1 /* Debug */,
				D4B1DBDE2C6BEA7A0000C9C1 /* Release */,
			);
			defaultConfigurationIsVisible = 0;
			defaultConfigurationName = Release;
		};
/* End XCConfigurationList section */
	};
	rootObject = D4B1DBC02C6BEA750000C9C1 /* Project object */;
}
