// !$*UTF8*$!
{
	archiveVersion = 1;
	classes = {
	};
	objectVersion = 55;
	objects = {

/* Begin PBXBuildFile section */
		3C543BB3984D564330FF44B4 /* Pods_Weathers.framework in Frameworks */ = {isa = PBXBuildFile; fileRef = 2BF8173183E75318B34CC308 /* Pods_Weathers.framework */; };
		D407B37F27A457FB000BD872 /* Errors.swift in Sources */ = {isa = PBXBuildFile; fileRef = D407B37E27A457FB000BD872 /* Errors.swift */; };
		D407B38127A4581C000BD872 /* ViewInput.swift in Sources */ = {isa = PBXBuildFile; fileRef = D407B38027A4581C000BD872 /* ViewInput.swift */; };
		D407B38327A45833000BD872 /* Weather.swift in Sources */ = {isa = PBXBuildFile; fileRef = D407B38227A45833000BD872 /* Weather.swift */; };
		D407B38527A45848000BD872 /* LocationService.swift in Sources */ = {isa = PBXBuildFile; fileRef = D407B38427A45848000BD872 /* LocationService.swift */; };
		D407B38727A4585F000BD872 /* WeatherService.swift in Sources */ = {isa = PBXBuildFile; fileRef = D407B38627A4585F000BD872 /* WeatherService.swift */; };
		D407B38927A459B8000BD872 /* DayPresenter.swift in Sources */ = {isa = PBXBuildFile; fileRef = D407B38827A459B8000BD872 /* DayPresenter.swift */; };
		D407B38B27A459EE000BD872 /* DayViewController.swift in Sources */ = {isa = PBXBuildFile; fileRef = D407B38A27A459EE000BD872 /* DayViewController.swift */; };
		D407B38D27A45A01000BD872 /* DayViewIO.swift in Sources */ = {isa = PBXBuildFile; fileRef = D407B38C27A45A01000BD872 /* DayViewIO.swift */; };
		D407B39427A6C22D000BD872 /* WeatherCalendarPresenter.swift in Sources */ = {isa = PBXBuildFile; fileRef = D407B39327A6C22D000BD872 /* WeatherCalendarPresenter.swift */; };
		D407B39627A6C242000BD872 /* WeatherViewController.swift in Sources */ = {isa = PBXBuildFile; fileRef = D407B39527A6C242000BD872 /* WeatherViewController.swift */; };
		D407B39827A6C261000BD872 /* WeatherCalendarViewIO.swift in Sources */ = {isa = PBXBuildFile; fileRef = D407B39727A6C261000BD872 /* WeatherCalendarViewIO.swift */; };
		D407B39F27A6C4E3000BD872 /* WeatherCalendarTableViewCell.xib in Resources */ = {isa = PBXBuildFile; fileRef = D407B39E27A6C4E3000BD872 /* WeatherCalendarTableViewCell.xib */; };
		D444D49D27B97389009BED8D /* WeatherForSort.swift in Sources */ = {isa = PBXBuildFile; fileRef = D444D49C27B97389009BED8D /* WeatherForSort.swift */; };
		D474626027AAF773007896EE /* WeatherCalendarTableViewCell.swift in Sources */ = {isa = PBXBuildFile; fileRef = D474625F27AAF773007896EE /* WeatherCalendarTableViewCell.swift */; };
		D496A1E827A44AF8007EFC1C /* AppDelegate.swift in Sources */ = {isa = PBXBuildFile; fileRef = D496A1E727A44AF8007EFC1C /* AppDelegate.swift */; };
		D496A1EA27A44AF8007EFC1C /* SceneDelegate.swift in Sources */ = {isa = PBXBuildFile; fileRef = D496A1E927A44AF8007EFC1C /* SceneDelegate.swift */; };
		D496A1EF27A44AF8007EFC1C /* Main.storyboard in Resources */ = {isa = PBXBuildFile; fileRef = D496A1ED27A44AF8007EFC1C /* Main.storyboard */; };
		D496A1F127A44AFA007EFC1C /* Assets.xcassets in Resources */ = {isa = PBXBuildFile; fileRef = D496A1F027A44AFA007EFC1C /* Assets.xcassets */; };
		D496A1F427A44AFA007EFC1C /* LaunchScreen.storyboard in Resources */ = {isa = PBXBuildFile; fileRef = D496A1F227A44AFA007EFC1C /* LaunchScreen.storyboard */; };
		D49CA82027B17A9C009CE595 /* Double+kelvToCelc.swift in Sources */ = {isa = PBXBuildFile; fileRef = D49CA81F27B17A9C009CE595 /* Double+kelvToCelc.swift */; };
/* End PBXBuildFile section */

/* Begin PBXFileReference section */
		2BF8173183E75318B34CC308 /* Pods_Weathers.framework */ = {isa = PBXFileReference; explicitFileType = wrapper.framework; includeInIndex = 0; path = Pods_Weathers.framework; sourceTree = BUILT_PRODUCTS_DIR; };
		766FCE4137395B3416D0EE49 /* Pods-Weathers.release.xcconfig */ = {isa = PBXFileReference; includeInIndex = 1; lastKnownFileType = text.xcconfig; name = "Pods-Weathers.release.xcconfig"; path = "Target Support Files/Pods-Weathers/Pods-Weathers.release.xcconfig"; sourceTree = "<group>"; };
		C4AA51A84CC664A89B164A8A /* Pods-Weathers.debug.xcconfig */ = {isa = PBXFileReference; includeInIndex = 1; lastKnownFileType = text.xcconfig; name = "Pods-Weathers.debug.xcconfig"; path = "Target Support Files/Pods-Weathers/Pods-Weathers.debug.xcconfig"; sourceTree = "<group>"; };
		D407B37E27A457FB000BD872 /* Errors.swift */ = {isa = PBXFileReference; lastKnownFileType = sourcecode.swift; path = Errors.swift; sourceTree = "<group>"; };
		D407B38027A4581C000BD872 /* ViewInput.swift */ = {isa = PBXFileReference; lastKnownFileType = sourcecode.swift; path = ViewInput.swift; sourceTree = "<group>"; };
		D407B38227A45833000BD872 /* Weather.swift */ = {isa = PBXFileReference; lastKnownFileType = sourcecode.swift; path = Weather.swift; sourceTree = "<group>"; };
		D407B38427A45848000BD872 /* LocationService.swift */ = {isa = PBXFileReference; lastKnownFileType = sourcecode.swift; path = LocationService.swift; sourceTree = "<group>"; };
		D407B38627A4585F000BD872 /* WeatherService.swift */ = {isa = PBXFileReference; lastKnownFileType = sourcecode.swift; path = WeatherService.swift; sourceTree = "<group>"; };
		D407B38827A459B8000BD872 /* DayPresenter.swift */ = {isa = PBXFileReference; lastKnownFileType = sourcecode.swift; path = DayPresenter.swift; sourceTree = "<group>"; };
		D407B38A27A459EE000BD872 /* DayViewController.swift */ = {isa = PBXFileReference; lastKnownFileType = sourcecode.swift; path = DayViewController.swift; sourceTree = "<group>"; };
		D407B38C27A45A01000BD872 /* DayViewIO.swift */ = {isa = PBXFileReference; lastKnownFileType = sourcecode.swift; path = DayViewIO.swift; sourceTree = "<group>"; };
		D407B39327A6C22D000BD872 /* WeatherCalendarPresenter.swift */ = {isa = PBXFileReference; lastKnownFileType = sourcecode.swift; path = WeatherCalendarPresenter.swift; sourceTree = "<group>"; };
		D407B39527A6C242000BD872 /* WeatherViewController.swift */ = {isa = PBXFileReference; lastKnownFileType = sourcecode.swift; path = WeatherViewController.swift; sourceTree = "<group>"; };
		D407B39727A6C261000BD872 /* WeatherCalendarViewIO.swift */ = {isa = PBXFileReference; lastKnownFileType = sourcecode.swift; path = WeatherCalendarViewIO.swift; sourceTree = "<group>"; };
		D407B39E27A6C4E3000BD872 /* WeatherCalendarTableViewCell.xib */ = {isa = PBXFileReference; lastKnownFileType = file.xib; path = WeatherCalendarTableViewCell.xib; sourceTree = "<group>"; };
		D444D49C27B97389009BED8D /* WeatherForSort.swift */ = {isa = PBXFileReference; lastKnownFileType = sourcecode.swift; path = WeatherForSort.swift; sourceTree = "<group>"; };
		D474625F27AAF773007896EE /* WeatherCalendarTableViewCell.swift */ = {isa = PBXFileReference; lastKnownFileType = sourcecode.swift; path = WeatherCalendarTableViewCell.swift; sourceTree = "<group>"; };
		D496A1E427A44AF8007EFC1C /* Weathers.app */ = {isa = PBXFileReference; explicitFileType = wrapper.application; includeInIndex = 0; path = Weathers.app; sourceTree = BUILT_PRODUCTS_DIR; };
		D496A1E727A44AF8007EFC1C /* AppDelegate.swift */ = {isa = PBXFileReference; lastKnownFileType = sourcecode.swift; path = AppDelegate.swift; sourceTree = "<group>"; };
		D496A1E927A44AF8007EFC1C /* SceneDelegate.swift */ = {isa = PBXFileReference; lastKnownFileType = sourcecode.swift; path = SceneDelegate.swift; sourceTree = "<group>"; };
		D496A1EE27A44AF8007EFC1C /* Base */ = {isa = PBXFileReference; lastKnownFileType = file.storyboard; name = Base; path = Base.lproj/Main.storyboard; sourceTree = "<group>"; };
		D496A1F027A44AFA007EFC1C /* Assets.xcassets */ = {isa = PBXFileReference; lastKnownFileType = folder.assetcatalog; path = Assets.xcassets; sourceTree = "<group>"; };
		D496A1F327A44AFA007EFC1C /* Base */ = {isa = PBXFileReference; lastKnownFileType = file.storyboard; name = Base; path = Base.lproj/LaunchScreen.storyboard; sourceTree = "<group>"; };
		D496A1F527A44AFA007EFC1C /* Info.plist */ = {isa = PBXFileReference; lastKnownFileType = text.plist.xml; path = Info.plist; sourceTree = "<group>"; };
		D49CA81F27B17A9C009CE595 /* Double+kelvToCelc.swift */ = {isa = PBXFileReference; lastKnownFileType = sourcecode.swift; path = "Double+kelvToCelc.swift"; sourceTree = "<group>"; };
/* End PBXFileReference section */

/* Begin PBXFrameworksBuildPhase section */
		D496A1E127A44AF8007EFC1C /* Frameworks */ = {
			isa = PBXFrameworksBuildPhase;
			buildActionMask = 2147483647;
			files = (
				3C543BB3984D564330FF44B4 /* Pods_Weathers.framework in Frameworks */,
			);
			runOnlyForDeploymentPostprocessing = 0;
		};
/* End PBXFrameworksBuildPhase section */

/* Begin PBXGroup section */
		9293457CD2A94D251C6843EB /* Pods */ = {
			isa = PBXGroup;
			children = (
				C4AA51A84CC664A89B164A8A /* Pods-Weathers.debug.xcconfig */,
				766FCE4137395B3416D0EE49 /* Pods-Weathers.release.xcconfig */,
			);
			path = Pods;
			sourceTree = "<group>";
		};
		CFEC61745969A01AEDA8FF76 /* Frameworks */ = {
			isa = PBXGroup;
			children = (
				2BF8173183E75318B34CC308 /* Pods_Weathers.framework */,
			);
			name = Frameworks;
			sourceTree = "<group>";
		};
		D407B38E27A6C10C000BD872 /* Entity */ = {
			isa = PBXGroup;
			children = (
				D407B37E27A457FB000BD872 /* Errors.swift */,
				D407B38227A45833000BD872 /* Weather.swift */,
				D444D49C27B97389009BED8D /* WeatherForSort.swift */,
			);
			path = Entity;
			sourceTree = "<group>";
		};
		D407B38F27A6C128000BD872 /* BuisnessLogic */ = {
			isa = PBXGroup;
			children = (
				D407B39027A6C160000BD872 /* Service */,
				D407B38E27A6C10C000BD872 /* Entity */,
			);
			path = BuisnessLogic;
			sourceTree = "<group>";
		};
		D407B39027A6C160000BD872 /* Service */ = {
			isa = PBXGroup;
			children = (
				D407B38627A4585F000BD872 /* WeatherService.swift */,
				D407B38427A45848000BD872 /* LocationService.swift */,
			);
			path = Service;
			sourceTree = "<group>";
		};
		D407B39127A6C180000BD872 /* Day */ = {
			isa = PBXGroup;
			children = (
				D407B38A27A459EE000BD872 /* DayViewController.swift */,
				D407B38827A459B8000BD872 /* DayPresenter.swift */,
				D407B38C27A45A01000BD872 /* DayViewIO.swift */,
			);
			path = Day;
			sourceTree = "<group>";
		};
		D407B39227A6C1F5000BD872 /* WeatherCalendar */ = {
			isa = PBXGroup;
			children = (
				D407B39927A6C266000BD872 /* cell */,
				D407B39527A6C242000BD872 /* WeatherViewController.swift */,
				D407B39327A6C22D000BD872 /* WeatherCalendarPresenter.swift */,
				D407B39727A6C261000BD872 /* WeatherCalendarViewIO.swift */,
			);
			path = WeatherCalendar;
			sourceTree = "<group>";
		};
		D407B39927A6C266000BD872 /* cell */ = {
			isa = PBXGroup;
			children = (
				D407B39E27A6C4E3000BD872 /* WeatherCalendarTableViewCell.xib */,
				D474625F27AAF773007896EE /* WeatherCalendarTableViewCell.swift */,
			);
			path = cell;
			sourceTree = "<group>";
		};
		D474626127AB04CF007896EE /* Views */ = {
			isa = PBXGroup;
			children = (
				D407B38027A4581C000BD872 /* ViewInput.swift */,
			);
			path = Views;
			sourceTree = "<group>";
		};
		D496A1DB27A44AF8007EFC1C = {
			isa = PBXGroup;
			children = (
				D496A1E627A44AF8007EFC1C /* Weathers */,
				D496A1E527A44AF8007EFC1C /* Products */,
				9293457CD2A94D251C6843EB /* Pods */,
				CFEC61745969A01AEDA8FF76 /* Frameworks */,
			);
			sourceTree = "<group>";
		};
		D496A1E527A44AF8007EFC1C /* Products */ = {
			isa = PBXGroup;
			children = (
				D496A1E427A44AF8007EFC1C /* Weathers.app */,
			);
			name = Products;
			sourceTree = "<group>";
		};
		D496A1E627A44AF8007EFC1C /* Weathers */ = {
			isa = PBXGroup;
			children = (
				D496A1E727A44AF8007EFC1C /* AppDelegate.swift */,
				D496A1E927A44AF8007EFC1C /* SceneDelegate.swift */,
				D407B38F27A6C128000BD872 /* BuisnessLogic */,
				D49CA81E27B17A77009CE595 /* Extension */,
				D474626127AB04CF007896EE /* Views */,
				D49CA82127B1867A009CE595 /* ViewModules */,
				D496A1ED27A44AF8007EFC1C /* Main.storyboard */,
				D496A1F027A44AFA007EFC1C /* Assets.xcassets */,
				D496A1F227A44AFA007EFC1C /* LaunchScreen.storyboard */,
				D496A1F527A44AFA007EFC1C /* Info.plist */,
			);
			path = Weathers;
			sourceTree = "<group>";
		};
		D49CA81E27B17A77009CE595 /* Extension */ = {
			isa = PBXGroup;
			children = (
				D49CA81F27B17A9C009CE595 /* Double+kelvToCelc.swift */,
			);
			path = Extension;
			sourceTree = "<group>";
		};
		D49CA82127B1867A009CE595 /* ViewModules */ = {
			isa = PBXGroup;
			children = (
				D407B39127A6C180000BD872 /* Day */,
				D407B39227A6C1F5000BD872 /* WeatherCalendar */,
			);
			path = ViewModules;
			sourceTree = "<group>";
		};
/* End PBXGroup section */

/* Begin PBXNativeTarget section */
		D496A1E327A44AF8007EFC1C /* Weathers */ = {
			isa = PBXNativeTarget;
			buildConfigurationList = D496A1F827A44AFA007EFC1C /* Build configuration list for PBXNativeTarget "Weathers" */;
			buildPhases = (
				51BD179DC698ABE550DC7EBF /* [CP] Check Pods Manifest.lock */,
				D496A1E027A44AF8007EFC1C /* Sources */,
				D496A1E127A44AF8007EFC1C /* Frameworks */,
				D496A1E227A44AF8007EFC1C /* Resources */,
				E63782C3649A69ED98154599 /* [CP] Embed Pods Frameworks */,
			);
			buildRules = (
			);
			dependencies = (
			);
			name = Weathers;
			productName = Weathers;
			productReference = D496A1E427A44AF8007EFC1C /* Weathers.app */;
			productType = "com.apple.product-type.application";
		};
/* End PBXNativeTarget section */

/* Begin PBXProject section */
		D496A1DC27A44AF8007EFC1C /* Project object */ = {
			isa = PBXProject;
			attributes = {
				BuildIndependentTargetsInParallel = 1;
				LastSwiftUpdateCheck = 1320;
				LastUpgradeCheck = 1320;
				TargetAttributes = {
					D496A1E327A44AF8007EFC1C = {
						CreatedOnToolsVersion = 13.2.1;
					};
				};
			};
			buildConfigurationList = D496A1DF27A44AF8007EFC1C /* Build configuration list for PBXProject "Weathers" */;
			compatibilityVersion = "Xcode 13.0";
			developmentRegion = en;
			hasScannedForEncodings = 0;
			knownRegions = (
				en,
				Base,
			);
			mainGroup = D496A1DB27A44AF8007EFC1C;
			productRefGroup = D496A1E527A44AF8007EFC1C /* Products */;
			projectDirPath = "";
			projectRoot = "";
			targets = (
				D496A1E327A44AF8007EFC1C /* Weathers */,
			);
		};
/* End PBXProject section */

/* Begin PBXResourcesBuildPhase section */
		D496A1E227A44AF8007EFC1C /* Resources */ = {
			isa = PBXResourcesBuildPhase;
			buildActionMask = 2147483647;
			files = (
				D496A1F427A44AFA007EFC1C /* LaunchScreen.storyboard in Resources */,
				D407B39F27A6C4E3000BD872 /* WeatherCalendarTableViewCell.xib in Resources */,
				D496A1F127A44AFA007EFC1C /* Assets.xcassets in Resources */,
				D496A1EF27A44AF8007EFC1C /* Main.storyboard in Resources */,
			);
			runOnlyForDeploymentPostprocessing = 0;
		};
/* End PBXResourcesBuildPhase section */

/* Begin PBXShellScriptBuildPhase section */
		51BD179DC698ABE550DC7EBF /* [CP] Check Pods Manifest.lock */ = {
			isa = PBXShellScriptBuildPhase;
			buildActionMask = 2147483647;
			files = (
			);
			inputFileListPaths = (
			);
			inputPaths = (
				"${PODS_PODFILE_DIR_PATH}/Podfile.lock",
				"${PODS_ROOT}/Manifest.lock",
			);
			name = "[CP] Check Pods Manifest.lock";
			outputFileListPaths = (
			);
			outputPaths = (
				"$(DERIVED_FILE_DIR)/Pods-Weathers-checkManifestLockResult.txt",
			);
			runOnlyForDeploymentPostprocessing = 0;
			shellPath = /bin/sh;
			shellScript = "diff \"${PODS_PODFILE_DIR_PATH}/Podfile.lock\" \"${PODS_ROOT}/Manifest.lock\" > /dev/null\nif [ $? != 0 ] ; then\n    # print error to STDERR\n    echo \"error: The sandbox is not in sync with the Podfile.lock. Run 'pod install' or update your CocoaPods installation.\" >&2\n    exit 1\nfi\n# This output is used by Xcode 'outputs' to avoid re-running this script phase.\necho \"SUCCESS\" > \"${SCRIPT_OUTPUT_FILE_0}\"\n";
			showEnvVarsInLog = 0;
		};
		E63782C3649A69ED98154599 /* [CP] Embed Pods Frameworks */ = {
			isa = PBXShellScriptBuildPhase;
			buildActionMask = 2147483647;
			files = (
			);
			inputFileListPaths = (
				"${PODS_ROOT}/Target Support Files/Pods-Weathers/Pods-Weathers-frameworks-${CONFIGURATION}-input-files.xcfilelist",
			);
			name = "[CP] Embed Pods Frameworks";
			outputFileListPaths = (
				"${PODS_ROOT}/Target Support Files/Pods-Weathers/Pods-Weathers-frameworks-${CONFIGURATION}-output-files.xcfilelist",
			);
			runOnlyForDeploymentPostprocessing = 0;
			shellPath = /bin/sh;
			shellScript = "\"${PODS_ROOT}/Target Support Files/Pods-Weathers/Pods-Weathers-frameworks.sh\"\n";
			showEnvVarsInLog = 0;
		};
/* End PBXShellScriptBuildPhase section */

/* Begin PBXSourcesBuildPhase section */
		D496A1E027A44AF8007EFC1C /* Sources */ = {
			isa = PBXSourcesBuildPhase;
			buildActionMask = 2147483647;
			files = (
				D407B38727A4585F000BD872 /* WeatherService.swift in Sources */,
				D407B38D27A45A01000BD872 /* DayViewIO.swift in Sources */,
				D407B38B27A459EE000BD872 /* DayViewController.swift in Sources */,
				D474626027AAF773007896EE /* WeatherCalendarTableViewCell.swift in Sources */,
				D407B38527A45848000BD872 /* LocationService.swift in Sources */,
				D407B39627A6C242000BD872 /* WeatherViewController.swift in Sources */,
				D407B37F27A457FB000BD872 /* Errors.swift in Sources */,
				D407B39827A6C261000BD872 /* WeatherCalendarViewIO.swift in Sources */,
				D49CA82027B17A9C009CE595 /* Double+kelvToCelc.swift in Sources */,
				D407B38127A4581C000BD872 /* ViewInput.swift in Sources */,
				D407B39427A6C22D000BD872 /* WeatherCalendarPresenter.swift in Sources */,
				D496A1E827A44AF8007EFC1C /* AppDelegate.swift in Sources */,
				D407B38327A45833000BD872 /* Weather.swift in Sources */,
				D407B38927A459B8000BD872 /* DayPresenter.swift in Sources */,
				D444D49D27B97389009BED8D /* WeatherForSort.swift in Sources */,
				D496A1EA27A44AF8007EFC1C /* SceneDelegate.swift in Sources */,
			);
			runOnlyForDeploymentPostprocessing = 0;
		};
/* End PBXSourcesBuildPhase section */

/* Begin PBXVariantGroup section */
		D496A1ED27A44AF8007EFC1C /* Main.storyboard */ = {
			isa = PBXVariantGroup;
			children = (
				D496A1EE27A44AF8007EFC1C /* Base */,
			);
			name = Main.storyboard;
			sourceTree = "<group>";
		};
		D496A1F227A44AFA007EFC1C /* LaunchScreen.storyboard */ = {
			isa = PBXVariantGroup;
			children = (
				D496A1F327A44AFA007EFC1C /* Base */,
			);
			name = LaunchScreen.storyboard;
			sourceTree = "<group>";
		};
/* End PBXVariantGroup section */

/* Begin XCBuildConfiguration section */
		D496A1F627A44AFA007EFC1C /* Debug */ = {
			isa = XCBuildConfiguration;
			buildSettings = {
				ALWAYS_SEARCH_USER_PATHS = NO;
				CLANG_ANALYZER_NONNULL = YES;
				CLANG_ANALYZER_NUMBER_OBJECT_CONVERSION = YES_AGGRESSIVE;
				CLANG_CXX_LANGUAGE_STANDARD = "gnu++17";
				CLANG_CXX_LIBRARY = "libc++";
				CLANG_ENABLE_MODULES = YES;
				CLANG_ENABLE_OBJC_ARC = YES;
				CLANG_ENABLE_OBJC_WEAK = YES;
				CLANG_WARN_BLOCK_CAPTURE_AUTORELEASING = YES;
				CLANG_WARN_BOOL_CONVERSION = YES;
				CLANG_WARN_COMMA = YES;
				CLANG_WARN_CONSTANT_CONVERSION = YES;
				CLANG_WARN_DEPRECATED_OBJC_IMPLEMENTATIONS = YES;
				CLANG_WARN_DIRECT_OBJC_ISA_USAGE = YES_ERROR;
				CLANG_WARN_DOCUMENTATION_COMMENTS = YES;
				CLANG_WARN_EMPTY_BODY = YES;
				CLANG_WARN_ENUM_CONVERSION = YES;
				CLANG_WARN_INFINITE_RECURSION = YES;
				CLANG_WARN_INT_CONVERSION = YES;
				CLANG_WARN_NON_LITERAL_NULL_CONVERSION = YES;
				CLANG_WARN_OBJC_IMPLICIT_RETAIN_SELF = YES;
				CLANG_WARN_OBJC_LITERAL_CONVERSION = YES;
				CLANG_WARN_OBJC_ROOT_CLASS = YES_ERROR;
				CLANG_WARN_QUOTED_INCLUDE_IN_FRAMEWORK_HEADER = YES;
				CLANG_WARN_RANGE_LOOP_ANALYSIS = YES;
				CLANG_WARN_STRICT_PROTOTYPES = YES;
				CLANG_WARN_SUSPICIOUS_MOVE = YES;
				CLANG_WARN_UNGUARDED_AVAILABILITY = YES_AGGRESSIVE;
				CLANG_WARN_UNREACHABLE_CODE = YES;
				CLANG_WARN__DUPLICATE_METHOD_MATCH = YES;
				COPY_PHASE_STRIP = NO;
				DEBUG_INFORMATION_FORMAT = dwarf;
				ENABLE_STRICT_OBJC_MSGSEND = YES;
				ENABLE_TESTABILITY = YES;
				GCC_C_LANGUAGE_STANDARD = gnu11;
				GCC_DYNAMIC_NO_PIC = NO;
				GCC_NO_COMMON_BLOCKS = YES;
				GCC_OPTIMIZATION_LEVEL = 0;
				GCC_PREPROCESSOR_DEFINITIONS = (
					"DEBUG=1",
					"$(inherited)",
				);
				GCC_WARN_64_TO_32_BIT_CONVERSION = YES;
				GCC_WARN_ABOUT_RETURN_TYPE = YES_ERROR;
				GCC_WARN_UNDECLARED_SELECTOR = YES;
				GCC_WARN_UNINITIALIZED_AUTOS = YES_AGGRESSIVE;
				GCC_WARN_UNUSED_FUNCTION = YES;
				GCC_WARN_UNUSED_VARIABLE = YES;
				IPHONEOS_DEPLOYMENT_TARGET = 15.2;
				MTL_ENABLE_DEBUG_INFO = INCLUDE_SOURCE;
				MTL_FAST_MATH = YES;
				ONLY_ACTIVE_ARCH = YES;
				SDKROOT = iphoneos;
				SWIFT_ACTIVE_COMPILATION_CONDITIONS = DEBUG;
				SWIFT_OPTIMIZATION_LEVEL = "-Onone";
			};
			name = Debug;
		};
		D496A1F727A44AFA007EFC1C /* Release */ = {
			isa = XCBuildConfiguration;
			buildSettings = {
				ALWAYS_SEARCH_USER_PATHS = NO;
				CLANG_ANALYZER_NONNULL = YES;
				CLANG_ANALYZER_NUMBER_OBJECT_CONVERSION = YES_AGGRESSIVE;
				CLANG_CXX_LANGUAGE_STANDARD = "gnu++17";
				CLANG_CXX_LIBRARY = "libc++";
				CLANG_ENABLE_MODULES = YES;
				CLANG_ENABLE_OBJC_ARC = YES;
				CLANG_ENABLE_OBJC_WEAK = YES;
				CLANG_WARN_BLOCK_CAPTURE_AUTORELEASING = YES;
				CLANG_WARN_BOOL_CONVERSION = YES;
				CLANG_WARN_COMMA = YES;
				CLANG_WARN_CONSTANT_CONVERSION = YES;
				CLANG_WARN_DEPRECATED_OBJC_IMPLEMENTATIONS = YES;
				CLANG_WARN_DIRECT_OBJC_ISA_USAGE = YES_ERROR;
				CLANG_WARN_DOCUMENTATION_COMMENTS = YES;
				CLANG_WARN_EMPTY_BODY = YES;
				CLANG_WARN_ENUM_CONVERSION = YES;
				CLANG_WARN_INFINITE_RECURSION = YES;
				CLANG_WARN_INT_CONVERSION = YES;
				CLANG_WARN_NON_LITERAL_NULL_CONVERSION = YES;
				CLANG_WARN_OBJC_IMPLICIT_RETAIN_SELF = YES;
				CLANG_WARN_OBJC_LITERAL_CONVERSION = YES;
				CLANG_WARN_OBJC_ROOT_CLASS = YES_ERROR;
				CLANG_WARN_QUOTED_INCLUDE_IN_FRAMEWORK_HEADER = YES;
				CLANG_WARN_RANGE_LOOP_ANALYSIS = YES;
				CLANG_WARN_STRICT_PROTOTYPES = YES;
				CLANG_WARN_SUSPICIOUS_MOVE = YES;
				CLANG_WARN_UNGUARDED_AVAILABILITY = YES_AGGRESSIVE;
				CLANG_WARN_UNREACHABLE_CODE = YES;
				CLANG_WARN__DUPLICATE_METHOD_MATCH = YES;
				COPY_PHASE_STRIP = NO;
				DEBUG_INFORMATION_FORMAT = "dwarf-with-dsym";
				ENABLE_NS_ASSERTIONS = NO;
				ENABLE_STRICT_OBJC_MSGSEND = YES;
				GCC_C_LANGUAGE_STANDARD = gnu11;
				GCC_NO_COMMON_BLOCKS = YES;
				GCC_WARN_64_TO_32_BIT_CONVERSION = YES;
				GCC_WARN_ABOUT_RETURN_TYPE = YES_ERROR;
				GCC_WARN_UNDECLARED_SELECTOR = YES;
				GCC_WARN_UNINITIALIZED_AUTOS = YES_AGGRESSIVE;
				GCC_WARN_UNUSED_FUNCTION = YES;
				GCC_WARN_UNUSED_VARIABLE = YES;
				IPHONEOS_DEPLOYMENT_TARGET = 15.2;
				MTL_ENABLE_DEBUG_INFO = NO;
				MTL_FAST_MATH = YES;
				SDKROOT = iphoneos;
				SWIFT_COMPILATION_MODE = wholemodule;
				SWIFT_OPTIMIZATION_LEVEL = "-O";
				VALIDATE_PRODUCT = YES;
			};
			name = Release;
		};
		D496A1F927A44AFA007EFC1C /* Debug */ = {
			isa = XCBuildConfiguration;
			baseConfigurationReference = C4AA51A84CC664A89B164A8A /* Pods-Weathers.debug.xcconfig */;
			buildSettings = {
				ASSETCATALOG_COMPILER_APPICON_NAME = AppIcon;
				ASSETCATALOG_COMPILER_GLOBAL_ACCENT_COLOR_NAME = AccentColor;
				CODE_SIGN_STYLE = Automatic;
				CURRENT_PROJECT_VERSION = 1;
				DEVELOPMENT_TEAM = S69DS64T8K;
				GENERATE_INFOPLIST_FILE = YES;
				INFOPLIST_FILE = Weathers/Info.plist;
				INFOPLIST_KEY_LSApplicationCategoryType = "";
				INFOPLIST_KEY_NSLocationWhenInUseUsageDescription = "Надо ";
				INFOPLIST_KEY_UIApplicationSupportsIndirectInputEvents = YES;
				INFOPLIST_KEY_UILaunchStoryboardName = LaunchScreen;
				INFOPLIST_KEY_UIMainStoryboardFile = Main;
				INFOPLIST_KEY_UISupportedInterfaceOrientations_iPad = "UIInterfaceOrientationPortrait UIInterfaceOrientationPortraitUpsideDown UIInterfaceOrientationLandscapeLeft UIInterfaceOrientationLandscapeRight";
				INFOPLIST_KEY_UISupportedInterfaceOrientations_iPhone = "UIInterfaceOrientationPortrait UIInterfaceOrientationLandscapeLeft UIInterfaceOrientationLandscapeRight";
				LD_RUNPATH_SEARCH_PATHS = (
					"$(inherited)",
					"@executable_path/Frameworks",
				);
				MARKETING_VERSION = 1.0;
				PRODUCT_BUNDLE_IDENTIFIER = my.weather.app.Weathers;
				PRODUCT_NAME = "$(TARGET_NAME)";
				SWIFT_EMIT_LOC_STRINGS = YES;
				SWIFT_VERSION = 5.0;
				TARGETED_DEVICE_FAMILY = "1,2";
			};
			name = Debug;
		};
		D496A1FA27A44AFA007EFC1C /* Release */ = {
			isa = XCBuildConfiguration;
			baseConfigurationReference = 766FCE4137395B3416D0EE49 /* Pods-Weathers.release.xcconfig */;
			buildSettings = {
				ASSETCATALOG_COMPILER_APPICON_NAME = AppIcon;
				ASSETCATALOG_COMPILER_GLOBAL_ACCENT_COLOR_NAME = AccentColor;
				CODE_SIGN_STYLE = Automatic;
				CURRENT_PROJECT_VERSION = 1;
				DEVELOPMENT_TEAM = S69DS64T8K;
				GENERATE_INFOPLIST_FILE = YES;
				INFOPLIST_FILE = Weathers/Info.plist;
				INFOPLIST_KEY_LSApplicationCategoryType = "";
				INFOPLIST_KEY_NSLocationWhenInUseUsageDescription = "Надо ";
				INFOPLIST_KEY_UIApplicationSupportsIndirectInputEvents = YES;
				INFOPLIST_KEY_UILaunchStoryboardName = LaunchScreen;
				INFOPLIST_KEY_UIMainStoryboardFile = Main;
				INFOPLIST_KEY_UISupportedInterfaceOrientations_iPad = "UIInterfaceOrientationPortrait UIInterfaceOrientationPortraitUpsideDown UIInterfaceOrientationLandscapeLeft UIInterfaceOrientationLandscapeRight";
				INFOPLIST_KEY_UISupportedInterfaceOrientations_iPhone = "UIInterfaceOrientationPortrait UIInterfaceOrientationLandscapeLeft UIInterfaceOrientationLandscapeRight";
				LD_RUNPATH_SEARCH_PATHS = (
					"$(inherited)",
					"@executable_path/Frameworks",
				);
				MARKETING_VERSION = 1.0;
				PRODUCT_BUNDLE_IDENTIFIER = my.weather.app.Weathers;
				PRODUCT_NAME = "$(TARGET_NAME)";
				SWIFT_EMIT_LOC_STRINGS = YES;
				SWIFT_VERSION = 5.0;
				TARGETED_DEVICE_FAMILY = "1,2";
			};
			name = Release;
		};
/* End XCBuildConfiguration section */

/* Begin XCConfigurationList section */
		D496A1DF27A44AF8007EFC1C /* Build configuration list for PBXProject "Weathers" */ = {
			isa = XCConfigurationList;
			buildConfigurations = (
				D496A1F627A44AFA007EFC1C /* Debug */,
				D496A1F727A44AFA007EFC1C /* Release */,
			);
			defaultConfigurationIsVisible = 0;
			defaultConfigurationName = Release;
		};
		D496A1F827A44AFA007EFC1C /* Build configuration list for PBXNativeTarget "Weathers" */ = {
			isa = XCConfigurationList;
			buildConfigurations = (
				D496A1F927A44AFA007EFC1C /* Debug */,
				D496A1FA27A44AFA007EFC1C /* Release */,
			);
			defaultConfigurationIsVisible = 0;
			defaultConfigurationName = Release;
		};
/* End XCConfigurationList section */
	};
	rootObject = D496A1DC27A44AF8007EFC1C /* Project object */;
}
